// !$*UTF8*$!
{
	archiveVersion = 1;
	classes = {
	};
	objectVersion = 50;
	objects = {

/* Begin PBXBuildFile section */
		8D11072D0486CEB800E47090 /* main.m in Sources */ = {isa = PBXBuildFile; fileRef = 29B97316FDCFA39411CA2CEA /* main.m */; settings = {ATTRIBUTES = (); }; };
		A4498880245E265800DA190F /* MainMenu.xib in Resources */ = {isa = PBXBuildFile; fileRef = A449887E245E265800DA190F /* MainMenu.xib */; };
		A449888B245E4DEC00DA190F /* SmarterTableView.m in Sources */ = {isa = PBXBuildFile; fileRef = A449888A245E4DEC00DA190F /* SmarterTableView.m */; };
		A4498893245F4F6200DA190F /* dsa_pub.pem in Resources */ = {isa = PBXBuildFile; fileRef = A4498892245F4F6200DA190F /* dsa_pub.pem */; };
		A449889A245F636B00DA190F /* DiskArbitration.framework in Frameworks */ = {isa = PBXBuildFile; fileRef = A4498897245F631B00DA190F /* DiskArbitration.framework */; };
		A449889B245F636E00DA190F /* Security.framework in Frameworks */ = {isa = PBXBuildFile; fileRef = A4498896245F631800DA190F /* Security.framework */; };
		A449889C245F637800DA190F /* Cocoa.framework in Frameworks */ = {isa = PBXBuildFile; fileRef = A4498895245F631600DA190F /* Cocoa.framework */; };
		A449889D245F637E00DA190F /* Foundation.framework in Frameworks */ = {isa = PBXBuildFile; fileRef = 29B97325FDCFA39411CA2CEA /* Foundation.framework */; };
		A449889E245F638600DA190F /* AppKit.framework in Frameworks */ = {isa = PBXBuildFile; fileRef = 29B97324FDCFA39411CA2CEA /* AppKit.framework */; };
		A449889F245F63B600DA190F /* Sparkle.framework in Frameworks */ = {isa = PBXBuildFile; fileRef = A4498898245F632C00DA190F /* Sparkle.framework */; };
		A44988A0245F63B600DA190F /* Sparkle.framework in Embed Frameworks */ = {isa = PBXBuildFile; fileRef = A4498898245F632C00DA190F /* Sparkle.framework */; settings = {ATTRIBUTES = (CodeSignOnCopy, RemoveHeadersOnCopy, ); }; };
		A4E619F7245CA6A6008B93F4 /* AppDelegate.m in Sources */ = {isa = PBXBuildFile; fileRef = A4E619F6245CA6A6008B93F4 /* AppDelegate.m */; };
		A4FDF8EC245CE33D008D1BD2 /* WhatsOpen.help in Resources */ = {isa = PBXBuildFile; fileRef = A4FDF8EB245CE33D008D1BD2 /* WhatsOpen.help */; };
		B406D9C20E11E4910098E862 /* InterfaceController.m in Sources */ = {isa = PBXBuildFile; fileRef = B406D9C10E11E4910098E862 /* InterfaceController.m */; };
		B406D9EA0E11E7C70098E862 /* LSOF.m in Sources */ = {isa = PBXBuildFile; fileRef = B406D9E90E11E7C70098E862 /* LSOF.m */; };
		B4348EAF0E7F174A0093F24E /* googleG.icns in Resources */ = {isa = PBXBuildFile; fileRef = B4348EAE0E7F174A0093F24E /* googleG.icns */; };
		B4496A060E14080F00CE6B42 /* Alerts.m in Sources */ = {isa = PBXBuildFile; fileRef = B4496A050E14080F00CE6B42 /* Alerts.m */; };
		B497DA6B0E80010E003F0EFE /* listFiles.icns in Resources */ = {isa = PBXBuildFile; fileRef = B497DA6A0E80010E003F0EFE /* listFiles.icns */; };
		B497DA6D0E8001D0003F0EFE /* StopImg.icns in Resources */ = {isa = PBXBuildFile; fileRef = B497DA6C0E8001D0003F0EFE /* StopImg.icns */; };
		B497DA6F0E8002CD003F0EFE /* Eye.icns in Resources */ = {isa = PBXBuildFile; fileRef = B497DA6E0E8002CD003F0EFE /* Eye.icns */; };
		B4C1550A0E48F7AC0019E734 /* OpenFile.m in Sources */ = {isa = PBXBuildFile; fileRef = B4C155090E48F7AC0019E734 /* OpenFile.m */; };
		B4C15AD30E4BAEAA0019E734 /* whatsopen.icns in Resources */ = {isa = PBXBuildFile; fileRef = B4C15AD20E4BAEAA0019E734 /* whatsopen.icns */; };
/* End PBXBuildFile section */

/* Begin PBXCopyFilesBuildPhase section */
		A4FDF8F0245CEA9E008D1BD2 /* Embed Frameworks */ = {
			isa = PBXCopyFilesBuildPhase;
			buildActionMask = 2147483647;
			dstPath = "";
			dstSubfolderSpec = 10;
			files = (
				A44988A0245F63B600DA190F /* Sparkle.framework in Embed Frameworks */,
			);
			name = "Embed Frameworks";
			runOnlyForDeploymentPostprocessing = 0;
		};
		B45AC4450E79DA0C009CE932 /* CopyFiles */ = {
			isa = PBXCopyFilesBuildPhase;
			buildActionMask = 12;
			dstPath = "";
			dstSubfolderSpec = 6;
			files = (
			);
			runOnlyForDeploymentPostprocessing = 0;
		};
/* End PBXCopyFilesBuildPhase section */

/* Begin PBXFileReference section */
		29B97316FDCFA39411CA2CEA /* main.m */ = {isa = PBXFileReference; fileEncoding = 4; lastKnownFileType = sourcecode.c.objc; name = main.m; path = Source/main.m; sourceTree = SOURCE_ROOT; };
		29B97324FDCFA39411CA2CEA /* AppKit.framework */ = {isa = PBXFileReference; lastKnownFileType = wrapper.framework; name = AppKit.framework; path = /System/Library/Frameworks/AppKit.framework; sourceTree = "<absolute>"; };
		29B97325FDCFA39411CA2CEA /* Foundation.framework */ = {isa = PBXFileReference; lastKnownFileType = wrapper.framework; name = Foundation.framework; path = /System/Library/Frameworks/Foundation.framework; sourceTree = "<absolute>"; };
		32CA4F630368D1EE00C91783 /* WhatsOpen_Prefix.pch */ = {isa = PBXFileReference; fileEncoding = 4; lastKnownFileType = sourcecode.c.h; name = WhatsOpen_Prefix.pch; path = Source/WhatsOpen_Prefix.pch; sourceTree = SOURCE_ROOT; };
		8D1107310486CEB800E47090 /* Info.plist */ = {isa = PBXFileReference; fileEncoding = 4; lastKnownFileType = text.plist.xml; name = Info.plist; path = Source/Info.plist; sourceTree = SOURCE_ROOT; };
		8D1107320486CEB800E47090 /* WhatsOpen.app */ = {isa = PBXFileReference; explicitFileType = wrapper.application; includeInIndex = 0; path = WhatsOpen.app; sourceTree = BUILT_PRODUCTS_DIR; };
		A4498889245E4DEC00DA190F /* SmarterTableView.h */ = {isa = PBXFileReference; lastKnownFileType = sourcecode.c.h; name = SmarterTableView.h; path = Source/SmarterTableView.h; sourceTree = SOURCE_ROOT; };
		A449888A245E4DEC00DA190F /* SmarterTableView.m */ = {isa = PBXFileReference; lastKnownFileType = sourcecode.c.objc; name = SmarterTableView.m; path = Source/SmarterTableView.m; sourceTree = SOURCE_ROOT; };
		A4498892245F4F6200DA190F /* dsa_pub.pem */ = {isa = PBXFileReference; fileEncoding = 4; lastKnownFileType = text; name = dsa_pub.pem; path = Sparke_signing_private/dsa_pub.pem; sourceTree = "<group>"; };
		A4498894245F618D00DA190F /* WhatsOpen.xcconfig */ = {isa = PBXFileReference; lastKnownFileType = text.xcconfig; name = WhatsOpen.xcconfig; path = Source/WhatsOpen.xcconfig; sourceTree = "<group>"; };
		A4498895245F631600DA190F /* Cocoa.framework */ = {isa = PBXFileReference; lastKnownFileType = wrapper.framework; name = Cocoa.framework; path = ../../System/Library/Frameworks/Cocoa.framework; sourceTree = "<group>"; };
		A4498896245F631800DA190F /* Security.framework */ = {isa = PBXFileReference; lastKnownFileType = wrapper.framework; name = Security.framework; path = System/Library/Frameworks/Security.framework; sourceTree = SDKROOT; };
		A4498897245F631B00DA190F /* DiskArbitration.framework */ = {isa = PBXFileReference; lastKnownFileType = wrapper.framework; name = DiskArbitration.framework; path = System/Library/Frameworks/DiskArbitration.framework; sourceTree = SDKROOT; };
		A4498898245F632C00DA190F /* Sparkle.framework */ = {isa = PBXFileReference; lastKnownFileType = wrapper.framework; name = Sparkle.framework; path = Frameworks/Sparkle.framework; sourceTree = "<group>"; };
		A4E619F5245CA6A6008B93F4 /* AppDelegate.h */ = {isa = PBXFileReference; lastKnownFileType = sourcecode.c.h; name = AppDelegate.h; path = Source/AppDelegate.h; sourceTree = SOURCE_ROOT; };
		A4E619F6245CA6A6008B93F4 /* AppDelegate.m */ = {isa = PBXFileReference; lastKnownFileType = sourcecode.c.objc; name = AppDelegate.m; path = Source/AppDelegate.m; sourceTree = SOURCE_ROOT; };
		A4FDF8EB245CE33D008D1BD2 /* WhatsOpen.help */ = {isa = PBXFileReference; lastKnownFileType = folder; name = WhatsOpen.help; path = Source/WhatsOpen.help; sourceTree = SOURCE_ROOT; };
		B406D9C00E11E4910098E862 /* InterfaceController.h */ = {isa = PBXFileReference; fileEncoding = 4; lastKnownFileType = sourcecode.c.h; name = InterfaceController.h; path = Source/InterfaceController.h; sourceTree = SOURCE_ROOT; };
		B406D9C10E11E4910098E862 /* InterfaceController.m */ = {isa = PBXFileReference; fileEncoding = 4; lastKnownFileType = sourcecode.c.objc; name = InterfaceController.m; path = Source/InterfaceController.m; sourceTree = SOURCE_ROOT; };
		B406D9E80E11E7C70098E862 /* LSOF.h */ = {isa = PBXFileReference; fileEncoding = 4; lastKnownFileType = sourcecode.c.h; name = LSOF.h; path = Source/LSOF.h; sourceTree = SOURCE_ROOT; };
		B406D9E90E11E7C70098E862 /* LSOF.m */ = {isa = PBXFileReference; fileEncoding = 4; lastKnownFileType = sourcecode.c.objc; name = LSOF.m; path = Source/LSOF.m; sourceTree = SOURCE_ROOT; };
		B4348EAE0E7F174A0093F24E /* googleG.icns */ = {isa = PBXFileReference; lastKnownFileType = image.icns; name = googleG.icns; path = Source/googleG.icns; sourceTree = SOURCE_ROOT; };
		B4496A040E14080F00CE6B42 /* Alerts.h */ = {isa = PBXFileReference; fileEncoding = 4; lastKnownFileType = sourcecode.c.h; name = Alerts.h; path = Source/Alerts.h; sourceTree = SOURCE_ROOT; };
		B4496A050E14080F00CE6B42 /* Alerts.m */ = {isa = PBXFileReference; fileEncoding = 4; lastKnownFileType = sourcecode.c.objc; name = Alerts.m; path = Source/Alerts.m; sourceTree = SOURCE_ROOT; };
		B469A6970E2EAAE9008F1CBB /* ScriptableFinder.h */ = {isa = PBXFileReference; fileEncoding = 4; lastKnownFileType = sourcecode.c.h; name = ScriptableFinder.h; path = Source/ScriptableFinder.h; sourceTree = SOURCE_ROOT; };
		B497DA6A0E80010E003F0EFE /* listFiles.icns */ = {isa = PBXFileReference; lastKnownFileType = image.icns; name = listFiles.icns; path = Source/listFiles.icns; sourceTree = SOURCE_ROOT; };
		B497DA6C0E8001D0003F0EFE /* StopImg.icns */ = {isa = PBXFileReference; lastKnownFileType = image.icns; name = StopImg.icns; path = Source/StopImg.icns; sourceTree = SOURCE_ROOT; };
		B497DA6E0E8002CD003F0EFE /* Eye.icns */ = {isa = PBXFileReference; lastKnownFileType = image.icns; name = Eye.icns; path = Source/Eye.icns; sourceTree = SOURCE_ROOT; };
		B4C155080E48F7AC0019E734 /* OpenFile.h */ = {isa = PBXFileReference; fileEncoding = 4; lastKnownFileType = sourcecode.c.h; name = OpenFile.h; path = Source/OpenFile.h; sourceTree = SOURCE_ROOT; };
		B4C155090E48F7AC0019E734 /* OpenFile.m */ = {isa = PBXFileReference; fileEncoding = 4; lastKnownFileType = sourcecode.c.objc; name = OpenFile.m; path = Source/OpenFile.m; sourceTree = SOURCE_ROOT; };
		B4C15AD20E4BAEAA0019E734 /* whatsopen.icns */ = {isa = PBXFileReference; lastKnownFileType = image.icns; name = whatsopen.icns; path = Source/whatsopen.icns; sourceTree = SOURCE_ROOT; };
		B4F9733A0E6EEBA70091D4A2 /* lightBulbIcon.icns */ = {isa = PBXFileReference; lastKnownFileType = image.icns; name = lightBulbIcon.icns; path = Source/lightBulbIcon.icns; sourceTree = SOURCE_ROOT; };
		CE234DF0245F65B500B6E629 /* Base */ = {isa = PBXFileReference; lastKnownFileType = file.xib; name = Base; path = Source/Base.lproj/MainMenu.xib; sourceTree = "<group>"; };
/* End PBXFileReference section */

/* Begin PBXFrameworksBuildPhase section */
		8D11072E0486CEB800E47090 /* Frameworks */ = {
			isa = PBXFrameworksBuildPhase;
			buildActionMask = 2147483647;
			files = (
				A449889E245F638600DA190F /* AppKit.framework in Frameworks */,
				A449889A245F636B00DA190F /* DiskArbitration.framework in Frameworks */,
				A449889D245F637E00DA190F /* Foundation.framework in Frameworks */,
				A449889F245F63B600DA190F /* Sparkle.framework in Frameworks */,
				A449889C245F637800DA190F /* Cocoa.framework in Frameworks */,
				A449889B245F636E00DA190F /* Security.framework in Frameworks */,
			);
			runOnlyForDeploymentPostprocessing = 0;
		};
/* End PBXFrameworksBuildPhase section */

/* Begin PBXGroup section */
		1058C7A2FEA54F0111CA2CBB /* Other Frameworks */ = {
			isa = PBXGroup;
			children = (
				A4498897245F631B00DA190F /* DiskArbitration.framework */,
				A4498896245F631800DA190F /* Security.framework */,
				A4498895245F631600DA190F /* Cocoa.framework */,
				29B97324FDCFA39411CA2CEA /* AppKit.framework */,
				29B97325FDCFA39411CA2CEA /* Foundation.framework */,
			);
			name = "Other Frameworks";
			sourceTree = "<group>";
		};
		19C28FACFE9D520D11CA2CBB /* Products */ = {
			isa = PBXGroup;
			children = (
				8D1107320486CEB800E47090 /* WhatsOpen.app */,
			);
			name = Products;
			sourceTree = "<group>";
		};
		29B97314FDCFA39411CA2CEA /* WhatsOpen */ = {
			isa = PBXGroup;
			children = (
				A4E619F5245CA6A6008B93F4 /* AppDelegate.h */,
				A4E619F6245CA6A6008B93F4 /* AppDelegate.m */,
				B406D9C00E11E4910098E862 /* InterfaceController.h */,
				B406D9C10E11E4910098E862 /* InterfaceController.m */,
				B4496A040E14080F00CE6B42 /* Alerts.h */,
				B4496A050E14080F00CE6B42 /* Alerts.m */,
				B406D9E80E11E7C70098E862 /* LSOF.h */,
				B406D9E90E11E7C70098E862 /* LSOF.m */,
				B4C155080E48F7AC0019E734 /* OpenFile.h */,
				B4C155090E48F7AC0019E734 /* OpenFile.m */,
				A4498889245E4DEC00DA190F /* SmarterTableView.h */,
				A449888A245E4DEC00DA190F /* SmarterTableView.m */,
				A449887E245E265800DA190F /* MainMenu.xib */,
				29B97315FDCFA39411CA2CEA /* Other Sources */,
				29B97317FDCFA39411CA2CEA /* Resources */,
				29B97323FDCFA39411CA2CEA /* Frameworks */,
				19C28FACFE9D520D11CA2CBB /* Products */,
			);
			name = WhatsOpen;
			sourceTree = "<group>";
		};
		29B97315FDCFA39411CA2CEA /* Other Sources */ = {
			isa = PBXGroup;
			children = (
				B469A6970E2EAAE9008F1CBB /* ScriptableFinder.h */,
				32CA4F630368D1EE00C91783 /* WhatsOpen_Prefix.pch */,
				29B97316FDCFA39411CA2CEA /* main.m */,
			);
			name = "Other Sources";
			sourceTree = "<group>";
		};
		29B97317FDCFA39411CA2CEA /* Resources */ = {
			isa = PBXGroup;
			children = (
				A4FDF8EB245CE33D008D1BD2 /* WhatsOpen.help */,
				B4348EAE0E7F174A0093F24E /* googleG.icns */,
				B4F9733A0E6EEBA70091D4A2 /* lightBulbIcon.icns */,
				B4C15AD20E4BAEAA0019E734 /* whatsopen.icns */,
				B497DA6E0E8002CD003F0EFE /* Eye.icns */,
				B497DA6C0E8001D0003F0EFE /* StopImg.icns */,
				B497DA6A0E80010E003F0EFE /* listFiles.icns */,
				8D1107310486CEB800E47090 /* Info.plist */,
				A4498894245F618D00DA190F /* WhatsOpen.xcconfig */,
				A4498892245F4F6200DA190F /* dsa_pub.pem */,
			);
			name = Resources;
			sourceTree = "<group>";
		};
		29B97323FDCFA39411CA2CEA /* Frameworks */ = {
			isa = PBXGroup;
			children = (
				A4498898245F632C00DA190F /* Sparkle.framework */,
				1058C7A2FEA54F0111CA2CBB /* Other Frameworks */,
			);
			name = Frameworks;
			sourceTree = "<group>";
		};
/* End PBXGroup section */

/* Begin PBXNativeTarget section */
		8D1107260486CEB800E47090 /* WhatsOpen */ = {
			isa = PBXNativeTarget;
			buildConfigurationList = C01FCF4A08A954540054247B /* Build configuration list for PBXNativeTarget "WhatsOpen" */;
			buildPhases = (
				8D1107290486CEB800E47090 /* Resources */,
				8D11072C0486CEB800E47090 /* Sources */,
				8D11072E0486CEB800E47090 /* Frameworks */,
				B45AC4450E79DA0C009CE932 /* CopyFiles */,
				A4FDF8F0245CEA9E008D1BD2 /* Embed Frameworks */,
				A4498891245F48EC00DA190F /* ShellScript */,
			);
			buildRules = (
			);
			dependencies = (
			);
			name = WhatsOpen;
			productInstallPath = "$(HOME)/Applications";
			productName = WhatsOpen;
			productReference = 8D1107320486CEB800E47090 /* WhatsOpen.app */;
			productType = "com.apple.product-type.application";
		};
/* End PBXNativeTarget section */

/* Begin PBXProject section */
		29B97313FDCFA39411CA2CEA /* Project object */ = {
			isa = PBXProject;
			attributes = {
				LastUpgradeCheck = 1140;
			};
			buildConfigurationList = C01FCF4E08A954540054247B /* Build configuration list for PBXProject "WhatsOpen" */;
			compatibilityVersion = "Xcode 9.3";
			developmentRegion = en;
			hasScannedForEncodings = 1;
			knownRegions = (
				en,
				Base,
			);
			mainGroup = 29B97314FDCFA39411CA2CEA /* WhatsOpen */;
			projectDirPath = "";
			projectRoot = "";
			targets = (
				8D1107260486CEB800E47090 /* WhatsOpen */,
			);
		};
/* End PBXProject section */

/* Begin PBXResourcesBuildPhase section */
		8D1107290486CEB800E47090 /* Resources */ = {
			isa = PBXResourcesBuildPhase;
			buildActionMask = 2147483647;
			files = (
				B4C15AD30E4BAEAA0019E734 /* whatsopen.icns in Resources */,
				A4498893245F4F6200DA190F /* dsa_pub.pem in Resources */,
				B4348EAF0E7F174A0093F24E /* googleG.icns in Resources */,
				B497DA6B0E80010E003F0EFE /* listFiles.icns in Resources */,
				B497DA6D0E8001D0003F0EFE /* StopImg.icns in Resources */,
				A4FDF8EC245CE33D008D1BD2 /* WhatsOpen.help in Resources */,
				B497DA6F0E8002CD003F0EFE /* Eye.icns in Resources */,
				A4498880245E265800DA190F /* MainMenu.xib in Resources */,
			);
			runOnlyForDeploymentPostprocessing = 0;
		};
/* End PBXResourcesBuildPhase section */

/* Begin PBXShellScriptBuildPhase section */
		A4498891245F48EC00DA190F /* ShellScript */ = {
			isa = PBXShellScriptBuildPhase;
			buildActionMask = 12;
			files = (
			);
			inputFileListPaths = (
			);
			inputPaths = (
			);
			outputFileListPaths = (
			);
			outputPaths = (
			);
			runOnlyForDeploymentPostprocessing = 0;
			shellPath = /bin/sh;
			shellScript = "# This updates the help index inside the currently building app\ncd ${TARGET_BUILD_DIR}/${CONTENTS_FOLDER_PATH}/Resources\n/Development/WhatsOpen/Source/rebuild_helpindex.sh\n";
			showEnvVarsInLog = 0;
		};
/* End PBXShellScriptBuildPhase section */

/* Begin PBXSourcesBuildPhase section */
		8D11072C0486CEB800E47090 /* Sources */ = {
			isa = PBXSourcesBuildPhase;
			buildActionMask = 2147483647;
			files = (
				8D11072D0486CEB800E47090 /* main.m in Sources */,
				A449888B245E4DEC00DA190F /* SmarterTableView.m in Sources */,
				B406D9C20E11E4910098E862 /* InterfaceController.m in Sources */,
				A4E619F7245CA6A6008B93F4 /* AppDelegate.m in Sources */,
				B406D9EA0E11E7C70098E862 /* LSOF.m in Sources */,
				B4496A060E14080F00CE6B42 /* Alerts.m in Sources */,
				B4C1550A0E48F7AC0019E734 /* OpenFile.m in Sources */,
			);
			runOnlyForDeploymentPostprocessing = 0;
		};
/* End PBXSourcesBuildPhase section */

/* Begin PBXVariantGroup section */
		A449887E245E265800DA190F /* MainMenu.xib */ = {
			isa = PBXVariantGroup;
			children = (
				CE234DF0245F65B500B6E629 /* Base */,
			);
			name = MainMenu.xib;
			sourceTree = "<group>";
		};
/* End PBXVariantGroup section */

/* Begin XCBuildConfiguration section */
		C01FCF4B08A954540054247B /* Debug */ = {
			isa = XCBuildConfiguration;
			buildSettings = {
				CODE_SIGN_IDENTITY = "Mac Developer";
				CODE_SIGN_STYLE = Automatic;
				COMBINE_HIDPI_IMAGES = YES;
				COPY_PHASE_STRIP = NO;
				DEVELOPMENT_TEAM = 25856V4B4X;
				ENABLE_HARDENED_RUNTIME = YES;
				FRAMEWORK_SEARCH_PATHS = (
					"$(inherited)",
					"$(SRCROOT)",
					"$(PROJECT_DIR)",
					"$(PROJECT_DIR)/Frameworks",
				);
				GCC_DYNAMIC_NO_PIC = NO;
				GCC_OPTIMIZATION_LEVEL = 0;
				GCC_PRECOMPILE_PREFIX_HEADER = YES;
				GCC_PREFIX_HEADER = Source/WhatsOpen_Prefix.pch;
				INFOPLIST_FILE = Source/Info.plist;
				LD_RUNPATH_SEARCH_PATHS = (
					"$(inherited)",
					"@executable_path/../Frameworks",
				);
				PRODUCT_BUNDLE_IDENTIFIER = com.AgaSupport.WhatsOpen;
				PRODUCT_NAME = WhatsOpen;
				PROVISIONING_PROFILE_SPECIFIER = "";
				WRAPPER_EXTENSION = app;
				ZERO_LINK = YES;
			};
			name = Debug;
		};
		C01FCF4C08A954540054247B /* Release */ = {
			isa = XCBuildConfiguration;
			buildSettings = {
				CODE_SIGN_IDENTITY = "Mac Developer";
				CODE_SIGN_STYLE = Automatic;
				COMBINE_HIDPI_IMAGES = YES;
				DEBUG_INFORMATION_FORMAT = "dwarf-with-dsym";
				DEVELOPMENT_TEAM = 25856V4B4X;
				ENABLE_HARDENED_RUNTIME = YES;
				FRAMEWORK_SEARCH_PATHS = (
					"$(inherited)",
					"$(SRCROOT)",
					"$(PROJECT_DIR)",
					"$(PROJECT_DIR)/Frameworks",
				);
				GCC_PRECOMPILE_PREFIX_HEADER = YES;
				GCC_PREFIX_HEADER = Source/WhatsOpen_Prefix.pch;
				INFOPLIST_FILE = Source/Info.plist;
				LD_RUNPATH_SEARCH_PATHS = (
					"$(inherited)",
					"@executable_path/../Frameworks",
				);
				PRODUCT_BUNDLE_IDENTIFIER = com.AgaSupport.WhatsOpen;
				PRODUCT_NAME = WhatsOpen;
				PROVISIONING_PROFILE_SPECIFIER = "";
				WRAPPER_EXTENSION = app;
			};
			name = Release;
		};
		C01FCF4F08A954540054247B /* Debug */ = {
			isa = XCBuildConfiguration;
			buildSettings = {
				ALWAYS_SEARCH_USER_PATHS = NO;
				CLANG_ANALYZER_LOCALIZABILITY_NONLOCALIZED = YES;
				CLANG_ENABLE_OBJC_ARC = YES;
				CLANG_WARN_BLOCK_CAPTURE_AUTORELEASING = YES;
				CLANG_WARN_BOOL_CONVERSION = YES;
				CLANG_WARN_COMMA = YES;
				CLANG_WARN_CONSTANT_CONVERSION = YES;
				CLANG_WARN_DEPRECATED_OBJC_IMPLEMENTATIONS = YES;
				CLANG_WARN_EMPTY_BODY = YES;
				CLANG_WARN_ENUM_CONVERSION = YES;
				CLANG_WARN_INFINITE_RECURSION = YES;
				CLANG_WARN_INT_CONVERSION = YES;
				CLANG_WARN_NON_LITERAL_NULL_CONVERSION = YES;
				CLANG_WARN_OBJC_IMPLICIT_RETAIN_SELF = YES;
				CLANG_WARN_OBJC_LITERAL_CONVERSION = YES;
				CLANG_WARN_RANGE_LOOP_ANALYSIS = YES;
				CLANG_WARN_STRICT_PROTOTYPES = YES;
				CLANG_WARN_SUSPICIOUS_MOVE = YES;
				CLANG_WARN_UNREACHABLE_CODE = YES;
				CLANG_WARN__DUPLICATE_METHOD_MATCH = YES;
				ENABLE_STRICT_OBJC_MSGSEND = YES;
				ENABLE_TESTABILITY = YES;
				GCC_NO_COMMON_BLOCKS = YES;
				GCC_PREPROCESSOR_DEFINITIONS = "DEBUG=1";
				GCC_WARN_64_TO_32_BIT_CONVERSION = YES;
				GCC_WARN_ABOUT_DEPRECATED_FUNCTIONS = NO;
				GCC_WARN_ABOUT_RETURN_TYPE = YES;
				GCC_WARN_UNDECLARED_SELECTOR = YES;
				GCC_WARN_UNINITIALIZED_AUTOS = YES;
				GCC_WARN_UNUSED_FUNCTION = YES;
				GCC_WARN_UNUSED_VARIABLE = YES;
				MACOSX_DEPLOYMENT_TARGET = 10.10;
				ONLY_ACTIVE_ARCH = YES;
				USE_HEADERMAP = NO;
			};
			name = Debug;
		};
		C01FCF5008A954540054247B /* Release */ = {
			isa = XCBuildConfiguration;
			buildSettings = {
				ALWAYS_SEARCH_USER_PATHS = NO;
				CLANG_ANALYZER_LOCALIZABILITY_NONLOCALIZED = YES;
				CLANG_ENABLE_OBJC_ARC = YES;
				CLANG_WARN_BLOCK_CAPTURE_AUTORELEASING = YES;
				CLANG_WARN_BOOL_CONVERSION = YES;
				CLANG_WARN_COMMA = YES;
				CLANG_WARN_CONSTANT_CONVERSION = YES;
				CLANG_WARN_DEPRECATED_OBJC_IMPLEMENTATIONS = YES;
				CLANG_WARN_EMPTY_BODY = YES;
				CLANG_WARN_ENUM_CONVERSION = YES;
				CLANG_WARN_INFINITE_RECURSION = YES;
				CLANG_WARN_INT_CONVERSION = YES;
				CLANG_WARN_NON_LITERAL_NULL_CONVERSION = YES;
				CLANG_WARN_OBJC_IMPLICIT_RETAIN_SELF = YES;
				CLANG_WARN_OBJC_LITERAL_CONVERSION = YES;
				CLANG_WARN_RANGE_LOOP_ANALYSIS = YES;
				CLANG_WARN_STRICT_PROTOTYPES = YES;
				CLANG_WARN_SUSPICIOUS_MOVE = YES;
				CLANG_WARN_UNREACHABLE_CODE = YES;
				CLANG_WARN__DUPLICATE_METHOD_MATCH = YES;
				ENABLE_STRICT_OBJC_MSGSEND = YES;
				GCC_NO_COMMON_BLOCKS = YES;
				GCC_PREPROCESSOR_DEFINITIONS = "DEBUG=0";
				GCC_WARN_64_TO_32_BIT_CONVERSION = YES;
				GCC_WARN_ABOUT_DEPRECATED_FUNCTIONS = NO;
				GCC_WARN_ABOUT_RETURN_TYPE = YES;
				GCC_WARN_UNDECLARED_SELECTOR = YES;
				GCC_WARN_UNINITIALIZED_AUTOS = YES;
				GCC_WARN_UNUSED_FUNCTION = YES;
				GCC_WARN_UNUSED_VARIABLE = YES;
				MACOSX_DEPLOYMENT_TARGET = 10.10;
				USE_HEADERMAP = NO;
			};
			name = Release;
		};
/* End XCBuildConfiguration section */

/* Begin XCConfigurationList section */
		C01FCF4A08A954540054247B /* Build configuration list for PBXNativeTarget "WhatsOpen" */ = {
			isa = XCConfigurationList;
			buildConfigurations = (
				C01FCF4B08A954540054247B /* Debug */,
				C01FCF4C08A954540054247B /* Release */,
			);
			defaultConfigurationIsVisible = 0;
			defaultConfigurationName = Release;
		};
		C01FCF4E08A954540054247B /* Build configuration list for PBXProject "WhatsOpen" */ = {
			isa = XCConfigurationList;
			buildConfigurations = (
				C01FCF4F08A954540054247B /* Debug */,
				C01FCF5008A954540054247B /* Release */,
			);
			defaultConfigurationIsVisible = 0;
			defaultConfigurationName = Release;
		};
/* End XCConfigurationList section */
	};
	rootObject = 29B97313FDCFA39411CA2CEA /* Project object */;
}
